<?xml version="1.0" encoding="utf-8"?>
<Project ToolsVersion="4.0" xmlns="http://schemas.microsoft.com/developer/msbuild/2003">
  <ItemGroup>
    <Filter Include="Source Files">
      <UniqueIdentifier>{4FC737F1-C7A5-4376-A066-2A32D752A2FF}</UniqueIdentifier>
      <Extensions>cpp;c;cc;cxx;def;odl;idl;hpj;bat;asm;asmx</Extensions>
    </Filter>
    <Filter Include="Header Files">
      <UniqueIdentifier>{93995380-89BD-4b04-88EB-625FBE52EBFB}</UniqueIdentifier>
      <Extensions>h;hh;hpp;hxx;hm;inl;inc;ipp;xsd</Extensions>
    </Filter>
    <Filter Include="Resource Files">
      <UniqueIdentifier>{67DA6AB6-F800-4c08-8B7A-83BB121AAD01}</UniqueIdentifier>
      <Extensions>rc;ico;cur;bmp;dlg;rc2;rct;bin;rgs;gif;jpg;jpeg;jpe;resx;tiff;tif;png;wav;mfcribbon-ms</Extensions>
    </Filter>
    <Filter Include="conf">
      <UniqueIdentifier>{ce038caa-dfac-4829-ad11-9aab23f2d8cb}</UniqueIdentifier>
    </Filter>
  </ItemGroup>
  <ItemGroup>
    <ClInclude Include="pch.h">
      <Filter>Header Files</Filter>
    </ClInclude>
    <ClInclude Include="Historian.h">
      <Filter>Header Files</Filter>
    </ClInclude>
    <ClInclude Include="DataStore.h">
      <Filter>Header Files</Filter>
    </ClInclude>
    <ClInclude Include="BTree.h">
      <Filter>Header Files</Filter>
    </ClInclude>
    <ClInclude Include="BTreeNode.h">
      <Filter>Header Files</Filter>
    </ClInclude>
    <ClInclude Include="BTreeKey.h">
      <Filter>Header Files</Filter>
    </ClInclude>
    <ClInclude Include="TimeSeriesNode.h">
      <Filter>Header Files</Filter>
    </ClInclude>
    <ClInclude Include="QueryContext.h">
      <Filter>Header Files</Filter>
    </ClInclude>
    <ClInclude Include="ConfigFile.h">
      <Filter>Header Files</Filter>
    </ClInclude>
    <ClInclude Include="LogListener.h">
      <Filter>Header Files</Filter>
    </ClInclude>
    <ClInclude Include="TSPoint.h">
      <Filter>Header Files</Filter>
    </ClInclude>
    <ClInclude Include="Series.h">
      <Filter>Header Files</Filter>
    </ClInclude>
    <ClInclude Include="Cursor.h">
      <Filter>Header Files</Filter>
    </ClInclude>
    <ClInclude Include="History.h">
      <Filter>Header Files</Filter>
    </ClInclude>
    <ClInclude Include="QueryCursor.h">
      <Filter>Header Files</Filter>
    </ClInclude>
    <ClInclude Include="ShardCursor.h">
      <Filter>Header Files</Filter>
    </ClInclude>
  </ItemGroup>
  <ItemGroup>
    <ClCompile Include="pch.cpp">
      <Filter>Source Files</Filter>
    </ClCompile>
    <ClCompile Include="Program.cpp">
      <Filter>Source Files</Filter>
    </ClCompile>
    <ClCompile Include="Historian.cpp">
      <Filter>Source Files</Filter>
    </ClCompile>
    <ClCompile Include="DataStore.cpp">
      <Filter>Source Files</Filter>
    </ClCompile>
    <ClCompile Include="BTree.cpp">
      <Filter>Source Files</Filter>
    </ClCompile>
    <ClCompile Include="BTreeNode.cpp">
      <Filter>Source Files</Filter>
    </ClCompile>
    <ClCompile Include="BTreeKey.cpp">
      <Filter>Source Files</Filter>
    </ClCompile>
    <ClCompile Include="TimeSeriesNode.cpp">
      <Filter>Source Files</Filter>
    </ClCompile>
    <ClCompile Include="QueryContext.cpp">
      <Filter>Source Files</Filter>
    </ClCompile>
    <ClCompile Include="ConfigFile.cpp">
      <Filter>Source Files</Filter>
    </ClCompile>
    <ClCompile Include="LogListener.cpp">
      <Filter>Source Files</Filter>
    </ClCompile>
    <ClCompile Include="TSPoint.cpp">
      <Filter>Source Files</Filter>
    </ClCompile>
    <ClCompile Include="Series.cpp">
      <Filter>Source Files</Filter>
    </ClCompile>
    <ClCompile Include="Cursor.cpp">
      <Filter>Source Files</Filter>
    </ClCompile>
    <ClCompile Include="History.cpp">
      <Filter>Source Files</Filter>
    </ClCompile>
    <ClCompile Include="QueryCursor.cpp">
      <Filter>Source Files</Filter>
    </ClCompile>
    <ClCompile Include="ShardCursor.cpp">
      <Filter>Source Files</Filter>
    </ClCompile>
  </ItemGroup>
  <ItemGroup>
    <None Include="conf\default.conf">
      <Filter>conf</Filter>
    </None>
  </ItemGroup>
</Project>